
Microsoft Visual Studio Solution File, Format Version 12.00
# Visual Studio Version 16
VisualStudioVersion = 16.0.30907.101
MinimumVisualStudioVersion = 10.0.40219.1
Project("{9A19103F-16F7-4668-BE54-9A1E7A4F7556}") = "LessServer", "LessServer.csproj", "{2F628D1D-B375-478B-8F24-F3CB7A0B1A6A}"
EndProject
Project("{9A19103F-16F7-4668-BE54-9A1E7A4F7556}") = "FileReaderBinding", "..\FileReaderBinding\FileReaderBinding.csproj", "{115D227F-A19D-413E-950D-097F845CE57B}"
EndProject
Global
	GlobalSection(SolutionConfigurationPlatforms) = preSolution
		Debug|Any CPU = Debug|Any CPU
		Release|Any CPU = Release|Any CPU
	EndGlobalSection
	GlobalSection(ProjectConfigurationPlatforms) = postSolution
		{2F628D1D-B375-478B-8F24-F3CB7A0B1A6A}.Debug|Any CPU.ActiveCfg = Debug|Any CPU
		{2F628D1D-B375-478B-8F24-F3CB7A0B1A6A}.Debug|Any CPU.Build.0 = Debug|Any CPU
		{2F628D1D-B375-478B-8F24-F3CB7A0B1A6A}.Release|Any CPU.ActiveCfg = Release|Any CPU
		{2F628D1D-B375-478B-8F24-F3CB7A0B1A6A}.Release|Any CPU.Build.0 = Release|Any CPU
		{115D227F-A19D-413E-950D-097F845CE57B}.Debug|Any CPU.ActiveCfg = Debug|Any CPU
		{115D227F-A19D-413E-950D-097F845CE57B}.Debug|Any CPU.Build.0 = Debug|Any CPU
		{115D227F-A19D-413E-950D-097F845CE57B}.Release|Any CPU.ActiveCfg = Release|Any CPU
		{115D227F-A19D-413E-950D-097F845CE57B}.Release|Any CPU.Build.0 = Release|Any CPU
	EndGlobalSection
	GlobalSection(SolutionProperties) = preSolution
		HideSolutionNode = FALSE
	EndGlobalSection
	GlobalSection(ExtensibilityGlobals) = postSolution
		SolutionGuid = {FFDC1970-7F71-4A74-B3C5-7A57AF62F8E1}
	EndGlobalSection
EndGlobal
